
Microsoft Visual Studio Solution File, Format Version 12.00
# Visual Studio Version 17
VisualStudioVersion = 17.5.002.0
MinimumVisualStudioVersion = 10.0.40219.1
Project("{9A19103F-16F7-4668-BE54-9A1E7A4F7556}") = "Homework_lecture11", "task1\Homework_lecture11.csproj", "{1E8AFB08-591C-42EF-85C8-BD600FFF7D0B}"
EndProject
Project("{9A19103F-16F7-4668-BE54-9A1E7A4F7556}") = "task3", "task3\task3.csproj", "{2AA3EF1D-2199-428D-A862-CC588513837E}"
EndProject
Project("{9A19103F-16F7-4668-BE54-9A1E7A4F7556}") = "task2", "task2\task2.csproj", "{DD63ED24-32F5-4B5A-B2CC-01EA0F882BC7}"
EndProject
Global
	GlobalSection(SolutionConfigurationPlatforms) = preSolution
		Debug|Any CPU = Debug|Any CPU
		Release|Any CPU = Release|Any CPU
	EndGlobalSection
	GlobalSection(ProjectConfigurationPlatforms) = postSolution
		{1E8AFB08-591C-42EF-85C8-BD600FFF7D0B}.Debug|Any CPU.ActiveCfg = Debug|Any CPU
		{1E8AFB08-591C-42EF-85C8-BD600FFF7D0B}.Debug|Any CPU.Build.0 = Debug|Any CPU
		{1E8AFB08-591C-42EF-85C8-BD600FFF7D0B}.Release|Any CPU.ActiveCfg = Release|Any CPU
		{1E8AFB08-591C-42EF-85C8-BD600FFF7D0B}.Release|Any CPU.Build.0 = Release|Any CPU
		{2AA3EF1D-2199-428D-A862-CC588513837E}.Debug|Any CPU.ActiveCfg = Debug|Any CPU
		{2AA3EF1D-2199-428D-A862-CC588513837E}.Debug|Any CPU.Build.0 = Debug|Any CPU
		{2AA3EF1D-2199-428D-A862-CC588513837E}.Release|Any CPU.ActiveCfg = Release|Any CPU
		{2AA3EF1D-2199-428D-A862-CC588513837E}.Release|Any CPU.Build.0 = Release|Any CPU
		{DD63ED24-32F5-4B5A-B2CC-01EA0F882BC7}.Debug|Any CPU.ActiveCfg = Debug|Any CPU
		{DD63ED24-32F5-4B5A-B2CC-01EA0F882BC7}.Debug|Any CPU.Build.0 = Debug|Any CPU
		{DD63ED24-32F5-4B5A-B2CC-01EA0F882BC7}.Release|Any CPU.ActiveCfg = Release|Any CPU
		{DD63ED24-32F5-4B5A-B2CC-01EA0F882BC7}.Release|Any CPU.Build.0 = Release|Any CPU
	EndGlobalSection
	GlobalSection(SolutionProperties) = preSolution
		HideSolutionNode = FALSE
	EndGlobalSection
	GlobalSection(ExtensibilityGlobals) = postSolution
		SolutionGuid = {85E31CF0-1868-4CDA-B564-FEA007711BC9}
	EndGlobalSection
EndGlobal
